
Microsoft Visual Studio Solution File, Format Version 12.00
# Visual Studio Version 17
VisualStudioVersion = 17.12.35527.113
MinimumVisualStudioVersion = 10.0.40219.1
Project("{FAE04EC0-301F-11D3-BF4B-00C04F79EFBC}") = "ProductProvider", "ProductProvider\ProductProvider.csproj", "{33C8EF1E-E607-4875-AF03-FA9440C08E5A}"
EndProject
Global
	GlobalSection(SolutionConfigurationPlatforms) = preSolution
		Debug|Any CPU = Debug|Any CPU
		Release|Any CPU = Release|Any CPU
	EndGlobalSection
	GlobalSection(ProjectConfigurationPlatforms) = postSolution
		{33C8EF1E-E607-4875-AF03-FA9440C08E5A}.Debug|Any CPU.ActiveCfg = Debug|Any CPU
		{33C8EF1E-E607-4875-AF03-FA9440C08E5A}.Debug|Any CPU.Build.0 = Debug|Any CPU
		{33C8EF1E-E607-4875-AF03-FA9440C08E5A}.Release|Any CPU.ActiveCfg = Release|Any CPU
		{33C8EF1E-E607-4875-AF03-FA9440C08E5A}.Release|Any CPU.Build.0 = Release|Any CPU
	EndGlobalSection
	GlobalSection(SolutionProperties) = preSolution
		HideSolutionNode = FALSE
	EndGlobalSection
	GlobalSection(ExtensibilityGlobals) = postSolution
		SolutionGuid = {50DF981B-DFEE-4AF1-BAEF-29D3DBA38F37}
	EndGlobalSection
EndGlobal
